// !$*UTF8*$!
{
	archiveVersion = 1;
	classes = {
	};
	objectVersion = 50;
	objects = {

/* Begin PBXBuildFile section */
		D200E0FC2660B2190018C06B /* ViewControllerACRO.swift in Sources */ = {isa = PBXBuildFile; fileRef = D200E0FB2660B2190018C06B /* ViewControllerACRO.swift */; };
		D212EF112660AB8A00FAEA25 /* AppDelegate.swift in Sources */ = {isa = PBXBuildFile; fileRef = D212EF102660AB8A00FAEA25 /* AppDelegate.swift */; };
		D212EF132660AB8A00FAEA25 /* SceneDelegate.swift in Sources */ = {isa = PBXBuildFile; fileRef = D212EF122660AB8A00FAEA25 /* SceneDelegate.swift */; };
		D212EF182660AB8A00FAEA25 /* Main.storyboard in Resources */ = {isa = PBXBuildFile; fileRef = D212EF162660AB8A00FAEA25 /* Main.storyboard */; };
		D212EF1A2660AB8B00FAEA25 /* Assets.xcassets in Resources */ = {isa = PBXBuildFile; fileRef = D212EF192660AB8B00FAEA25 /* Assets.xcassets */; };
		D212EF1D2660AB8B00FAEA25 /* LaunchScreen.storyboard in Resources */ = {isa = PBXBuildFile; fileRef = D212EF1B2660AB8B00FAEA25 /* LaunchScreen.storyboard */; };
		D281A6782668BEA300921DE0 /* View.xib in Resources */ = {isa = PBXBuildFile; fileRef = D281A6772668BEA300921DE0 /* View.xib */; };
		D281A67A2668BEB400921DE0 /* SwiftUIView.swift in Sources */ = {isa = PBXBuildFile; fileRef = D281A6792668BEB400921DE0 /* SwiftUIView.swift */; };
		D281A67D2668BEDF00921DE0 /* ViewController.swift in Sources */ = {isa = PBXBuildFile; fileRef = D281A67B2668BEDF00921DE0 /* ViewController.swift */; };
		D281A67E2668BEDF00921DE0 /* ViewController.xib in Resources */ = {isa = PBXBuildFile; fileRef = D281A67C2668BEDF00921DE0 /* ViewController.xib */; };
/* End PBXBuildFile section */

/* Begin PBXFileReference section */
		D200E0FB2660B2190018C06B /* ViewControllerACRO.swift */ = {isa = PBXFileReference; lastKnownFileType = sourcecode.swift; path = ViewControllerACRO.swift; sourceTree = "<group>"; };
		D212EF0D2660AB8A00FAEA25 /* SQLiteCRUD.app */ = {isa = PBXFileReference; explicitFileType = wrapper.application; includeInIndex = 0; path = SQLiteCRUD.app; sourceTree = BUILT_PRODUCTS_DIR; };
		D212EF102660AB8A00FAEA25 /* AppDelegate.swift */ = {isa = PBXFileReference; lastKnownFileType = sourcecode.swift; path = AppDelegate.swift; sourceTree = "<group>"; };
		D212EF122660AB8A00FAEA25 /* SceneDelegate.swift */ = {isa = PBXFileReference; lastKnownFileType = sourcecode.swift; path = SceneDelegate.swift; sourceTree = "<group>"; };
		D212EF172660AB8A00FAEA25 /* Base */ = {isa = PBXFileReference; lastKnownFileType = file.storyboard; name = Base; path = Base.lproj/Main.storyboard; sourceTree = "<group>"; };
		D212EF192660AB8B00FAEA25 /* Assets.xcassets */ = {isa = PBXFileReference; lastKnownFileType = folder.assetcatalog; path = Assets.xcassets; sourceTree = "<group>"; };
		D212EF1C2660AB8B00FAEA25 /* Base */ = {isa = PBXFileReference; lastKnownFileType = file.storyboard; name = Base; path = Base.lproj/LaunchScreen.storyboard; sourceTree = "<group>"; };
		D212EF1E2660AB8B00FAEA25 /* Info.plist */ = {isa = PBXFileReference; lastKnownFileType = text.plist.xml; path = Info.plist; sourceTree = "<group>"; };
		D281A6772668BEA300921DE0 /* View.xib */ = {isa = PBXFileReference; lastKnownFileType = file.xib; path = View.xib; sourceTree = "<group>"; };
		D281A6792668BEB400921DE0 /* SwiftUIView.swift */ = {isa = PBXFileReference; lastKnownFileType = sourcecode.swift; path = SwiftUIView.swift; sourceTree = "<group>"; };
		D281A67B2668BEDF00921DE0 /* ViewController.swift */ = {isa = PBXFileReference; lastKnownFileType = sourcecode.swift; path = ViewController.swift; sourceTree = "<group>"; };
		D281A67C2668BEDF00921DE0 /* ViewController.xib */ = {isa = PBXFileReference; lastKnownFileType = file.xib; path = ViewController.xib; sourceTree = "<group>"; };
/* End PBXFileReference section */

/* Begin PBXFrameworksBuildPhase section */
		D212EF0A2660AB8A00FAEA25 /* Frameworks */ = {
			isa = PBXFrameworksBuildPhase;
			buildActionMask = 2147483647;
			files = (
			);
			runOnlyForDeploymentPostprocessing = 0;
		};
/* End PBXFrameworksBuildPhase section */

/* Begin PBXGroup section */
		D212EF042660AB8A00FAEA25 = {
			isa = PBXGroup;
			children = (
				D212EF0F2660AB8A00FAEA25 /* SQLiteCRUD */,
				D212EF0E2660AB8A00FAEA25 /* Products */,
			);
			sourceTree = "<group>";
		};
		D212EF0E2660AB8A00FAEA25 /* Products */ = {
			isa = PBXGroup;
			children = (
				D212EF0D2660AB8A00FAEA25 /* SQLiteCRUD.app */,
			);
			name = Products;
			sourceTree = "<group>";
		};
		D212EF0F2660AB8A00FAEA25 /* SQLiteCRUD */ = {
			isa = PBXGroup;
			children = (
				D200E0FB2660B2190018C06B /* ViewControllerACRO.swift */,
				D281A6772668BEA300921DE0 /* View.xib */,
				D281A6792668BEB400921DE0 /* SwiftUIView.swift */,
				D281A67B2668BEDF00921DE0 /* ViewController.swift */,
				D281A67C2668BEDF00921DE0 /* ViewController.xib */,
				D212EF102660AB8A00FAEA25 /* AppDelegate.swift */,
				D212EF122660AB8A00FAEA25 /* SceneDelegate.swift */,
				D212EF162660AB8A00FAEA25 /* Main.storyboard */,
				D212EF192660AB8B00FAEA25 /* Assets.xcassets */,
				D212EF1B2660AB8B00FAEA25 /* LaunchScreen.storyboard */,
				D212EF1E2660AB8B00FAEA25 /* Info.plist */,
			);
			path = SQLiteCRUD;
			sourceTree = "<group>";
		};
/* End PBXGroup section */

/* Begin PBXNativeTarget section */
		D212EF0C2660AB8A00FAEA25 /* SQLiteCRUD */ = {
			isa = PBXNativeTarget;
			buildConfigurationList = D212EF212660AB8B00FAEA25 /* Build configuration list for PBXNativeTarget "SQLiteCRUD" */;
			buildPhases = (
				D212EF092660AB8A00FAEA25 /* Sources */,
				D212EF0A2660AB8A00FAEA25 /* Frameworks */,
				D212EF0B2660AB8A00FAEA25 /* Resources */,
			);
			buildRules = (
			);
			dependencies = (
			);
			name = SQLiteCRUD;
			productName = SQLiteCRUD;
			productReference = D212EF0D2660AB8A00FAEA25 /* SQLiteCRUD.app */;
			productType = "com.apple.product-type.application";
		};
/* End PBXNativeTarget section */

/* Begin PBXProject section */
		D212EF052660AB8A00FAEA25 /* Project object */ = {
			isa = PBXProject;
			attributes = {
				LastSwiftUpdateCheck = 1250;
				LastUpgradeCheck = 1250;
				TargetAttributes = {
					D212EF0C2660AB8A00FAEA25 = {
						CreatedOnToolsVersion = 12.5;
					};
				};
			};
			buildConfigurationList = D212EF082660AB8A00FAEA25 /* Build configuration list for PBXProject "SQLiteCRUD" */;
			compatibilityVersion = "Xcode 9.3";
			developmentRegion = en;
			hasScannedForEncodings = 0;
			knownRegions = (
				en,
				Base,
			);
			mainGroup = D212EF042660AB8A00FAEA25;
			productRefGroup = D212EF0E2660AB8A00FAEA25 /* Products */;
			projectDirPath = "";
			projectRoot = "";
			targets = (
				D212EF0C2660AB8A00FAEA25 /* SQLiteCRUD */,
			);
		};
/* End PBXProject section */

/* Begin PBXResourcesBuildPhase section */
		D212EF0B2660AB8A00FAEA25 /* Resources */ = {
			isa = PBXResourcesBuildPhase;
			buildActionMask = 2147483647;
			files = (
				D281A67E2668BEDF00921DE0 /* ViewController.xib in Resources */,
				D281A6782668BEA300921DE0 /* View.xib in Resources */,
				D212EF1D2660AB8B00FAEA25 /* LaunchScreen.storyboard in Resources */,
				D212EF1A2660AB8B00FAEA25 /* Assets.xcassets in Resources */,
				D212EF182660AB8A00FAEA25 /* Main.storyboard in Resources */,
			);
			runOnlyForDeploymentPostprocessing = 0;
		};
/* End PBXResourcesBuildPhase section */

/* Begin PBXSourcesBuildPhase section */
		D212EF092660AB8A00FAEA25 /* Sources */ = {
			isa = PBXSourcesBuildPhase;
			buildActionMask = 2147483647;
			files = (
				D281A67D2668BEDF00921DE0 /* ViewController.swift in Sources */,
				D212EF112660AB8A00FAEA25 /* AppDelegate.swift in Sources */,
				D200E0FC2660B2190018C06B /* ViewControllerACRO.swift in Sources */,
				D212EF132660AB8A00FAEA25 /* SceneDelegate.swift in Sources */,
				D281A67A2668BEB400921DE0 /* SwiftUIView.swift in Sources */,
			);
			runOnlyForDeploymentPostprocessing = 0;
		};
/* End PBXSourcesBuildPhase section */

/* Begin PBXVariantGroup section */
		D212EF162660AB8A00FAEA25 /* Main.storyboard */ = {
			isa = PBXVariantGroup;
			children = (
				D212EF172660AB8A00FAEA25 /* Base */,
			);
			name = Main.storyboard;
			sourceTree = "<group>";
		};
		D212EF1B2660AB8B00FAEA25 /* LaunchScreen.storyboard */ = {
			isa = PBXVariantGroup;
			children = (
				D212EF1C2660AB8B00FAEA25 /* Base */,
			);
			name = LaunchScreen.storyboard;
			sourceTree = "<group>";
		};
/* End PBXVariantGroup section */

/* Begin XCBuildConfiguration section */
		D212EF1F2660AB8B00FAEA25 /* Debug */ = {
			isa = XCBuildConfiguration;
			buildSettings = {
				ALWAYS_SEARCH_USER_PATHS = NO;
				CLANG_ANALYZER_NONNULL = YES;
				CLANG_ANALYZER_NUMBER_OBJECT_CONVERSION = YES_AGGRESSIVE;
				CLANG_CXX_LANGUAGE_STANDARD = "gnu++14";
				CLANG_CXX_LIBRARY = "libc++";
				CLANG_ENABLE_MODULES = YES;
				CLANG_ENABLE_OBJC_ARC = YES;
				CLANG_ENABLE_OBJC_WEAK = YES;
				CLANG_WARN_BLOCK_CAPTURE_AUTORELEASING = YES;
				CLANG_WARN_BOOL_CONVERSION = YES;
				CLANG_WARN_COMMA = YES;
				CLANG_WARN_CONSTANT_CONVERSION = YES;
				CLANG_WARN_DEPRECATED_OBJC_IMPLEMENTATIONS = YES;
				CLANG_WARN_DIRECT_OBJC_ISA_USAGE = YES_ERROR;
				CLANG_WARN_DOCUMENTATION_COMMENTS = YES;
				CLANG_WARN_EMPTY_BODY = YES;
				CLANG_WARN_ENUM_CONVERSION = YES;
				CLANG_WARN_INFINITE_RECURSION = YES;
				CLANG_WARN_INT_CONVERSION = YES;
				CLANG_WARN_NON_LITERAL_NULL_CONVERSION = YES;
				CLANG_WARN_OBJC_IMPLICIT_RETAIN_SELF = YES;
				CLANG_WARN_OBJC_LITERAL_CONVERSION = YES;
				CLANG_WARN_OBJC_ROOT_CLASS = YES_ERROR;
				CLANG_WARN_QUOTED_INCLUDE_IN_FRAMEWORK_HEADER = YES;
				CLANG_WARN_RANGE_LOOP_ANALYSIS = YES;
				CLANG_WARN_STRICT_PROTOTYPES = YES;
				CLANG_WARN_SUSPICIOUS_MOVE = YES;
				CLANG_WARN_UNGUARDED_AVAILABILITY = YES_AGGRESSIVE;
				CLANG_WARN_UNREACHABLE_CODE = YES;
				CLANG_WARN__DUPLICATE_METHOD_MATCH = YES;
				COPY_PHASE_STRIP = NO;
				DEBUG_INFORMATION_FORMAT = dwarf;
				ENABLE_STRICT_OBJC_MSGSEND = YES;
				ENABLE_TESTABILITY = YES;
				GCC_C_LANGUAGE_STANDARD = gnu11;
				GCC_DYNAMIC_NO_PIC = NO;
				GCC_NO_COMMON_BLOCKS = YES;
				GCC_OPTIMIZATION_LEVEL = 0;
				GCC_PREPROCESSOR_DEFINITIONS = (
					"DEBUG=1",
					"$(inherited)",
				);
				GCC_WARN_64_TO_32_BIT_CONVERSION = YES;
				GCC_WARN_ABOUT_RETURN_TYPE = YES_ERROR;
				GCC_WARN_UNDECLARED_SELECTOR = YES;
				GCC_WARN_UNINITIALIZED_AUTOS = YES_AGGRESSIVE;
				GCC_WARN_UNUSED_FUNCTION = YES;
				GCC_WARN_UNUSED_VARIABLE = YES;
				IPHONEOS_DEPLOYMENT_TARGET = 14.5;
				MTL_ENABLE_DEBUG_INFO = INCLUDE_SOURCE;
				MTL_FAST_MATH = YES;
				ONLY_ACTIVE_ARCH = YES;
				SDKROOT = iphoneos;
				SWIFT_ACTIVE_COMPILATION_CONDITIONS = DEBUG;
				SWIFT_OPTIMIZATION_LEVEL = "-Onone";
			};
			name = Debug;
		};
		D212EF202660AB8B00FAEA25 /* Release */ = {
			isa = XCBuildConfiguration;
			buildSettings = {
				ALWAYS_SEARCH_USER_PATHS = NO;
				CLANG_ANALYZER_NONNULL = YES;
				CLANG_ANALYZER_NUMBER_OBJECT_CONVERSION = YES_AGGRESSIVE;
				CLANG_CXX_LANGUAGE_STANDARD = "gnu++14";
				CLANG_CXX_LIBRARY = "libc++";
				CLANG_ENABLE_MODULES = YES;
				CLANG_ENABLE_OBJC_ARC = YES;
				CLANG_ENABLE_OBJC_WEAK = YES;
				CLANG_WARN_BLOCK_CAPTURE_AUTORELEASING = YES;
				CLANG_WARN_BOOL_CONVERSION = YES;
				CLANG_WARN_COMMA = YES;
				CLANG_WARN_CONSTANT_CONVERSION = YES;
				CLANG_WARN_DEPRECATED_OBJC_IMPLEMENTATIONS = YES;
				CLANG_WARN_DIRECT_OBJC_ISA_USAGE = YES_ERROR;
				CLANG_WARN_DOCUMENTATION_COMMENTS = YES;
				CLANG_WARN_EMPTY_BODY = YES;
				CLANG_WARN_ENUM_CONVERSION = YES;
				CLANG_WARN_INFINITE_RECURSION = YES;
				CLANG_WARN_INT_CONVERSION = YES;
				CLANG_WARN_NON_LITERAL_NULL_CONVERSION = YES;
				CLANG_WARN_OBJC_IMPLICIT_RETAIN_SELF = YES;
				CLANG_WARN_OBJC_LITERAL_CONVERSION = YES;
				CLANG_WARN_OBJC_ROOT_CLASS = YES_ERROR;
				CLANG_WARN_QUOTED_INCLUDE_IN_FRAMEWORK_HEADER = YES;
				CLANG_WARN_RANGE_LOOP_ANALYSIS = YES;
				CLANG_WARN_STRICT_PROTOTYPES = YES;
				CLANG_WARN_SUSPICIOUS_MOVE = YES;
				CLANG_WARN_UNGUARDED_AVAILABILITY = YES_AGGRESSIVE;
				CLANG_WARN_UNREACHABLE_CODE = YES;
				CLANG_WARN__DUPLICATE_METHOD_MATCH = YES;
				COPY_PHASE_STRIP = NO;
				DEBUG_INFORMATION_FORMAT = "dwarf-with-dsym";
				ENABLE_NS_ASSERTIONS = NO;
				ENABLE_STRICT_OBJC_MSGSEND = YES;
				GCC_C_LANGUAGE_STANDARD = gnu11;
				GCC_NO_COMMON_BLOCKS = YES;
				GCC_WARN_64_TO_32_BIT_CONVERSION = YES;
				GCC_WARN_ABOUT_RETURN_TYPE = YES_ERROR;
				GCC_WARN_UNDECLARED_SELECTOR = YES;
				GCC_WARN_UNINITIALIZED_AUTOS = YES_AGGRESSIVE;
				GCC_WARN_UNUSED_FUNCTION = YES;
				GCC_WARN_UNUSED_VARIABLE = YES;
				IPHONEOS_DEPLOYMENT_TARGET = 14.5;
				MTL_ENABLE_DEBUG_INFO = NO;
				MTL_FAST_MATH = YES;
				SDKROOT = iphoneos;
				SWIFT_COMPILATION_MODE = wholemodule;
				SWIFT_OPTIMIZATION_LEVEL = "-O";
				VALIDATE_PRODUCT = YES;
			};
			name = Release;
		};
		D212EF222660AB8B00FAEA25 /* Debug */ = {
			isa = XCBuildConfiguration;
			buildSettings = {
				ASSETCATALOG_COMPILER_APPICON_NAME = AppIcon;
				ASSETCATALOG_COMPILER_GLOBAL_ACCENT_COLOR_NAME = AccentColor;
				CODE_SIGN_STYLE = Automatic;
				DEVELOPMENT_TEAM = 9CK6JY8ZCU;
				INFOPLIST_FILE = SQLiteCRUD/Info.plist;
				LD_RUNPATH_SEARCH_PATHS = (
					"$(inherited)",
					"@executable_path/Frameworks",
				);
				PRODUCT_BUNDLE_IDENTIFIER = kr.co.daelim.SQLiteCRUD;
				PRODUCT_NAME = "$(TARGET_NAME)";
				SWIFT_VERSION = 5.0;
				TARGETED_DEVICE_FAMILY = 1;
			};
			name = Debug;
		};
		D212EF232660AB8B00FAEA25 /* Release */ = {
			isa = XCBuildConfiguration;
			buildSettings = {
				ASSETCATALOG_COMPILER_APPICON_NAME = AppIcon;
				ASSETCATALOG_COMPILER_GLOBAL_ACCENT_COLOR_NAME = AccentColor;
				CODE_SIGN_STYLE = Automatic;
				DEVELOPMENT_TEAM = 9CK6JY8ZCU;
				INFOPLIST_FILE = SQLiteCRUD/Info.plist;
				LD_RUNPATH_SEARCH_PATHS = (
					"$(inherited)",
					"@executable_path/Frameworks",
				);
				PRODUCT_BUNDLE_IDENTIFIER = kr.co.daelim.SQLiteCRUD;
				PRODUCT_NAME = "$(TARGET_NAME)";
				SWIFT_VERSION = 5.0;
				TARGETED_DEVICE_FAMILY = 1;
			};
			name = Release;
		};
/* End XCBuildConfiguration section */

/* Begin XCConfigurationList section */
		D212EF082660AB8A00FAEA25 /* Build configuration list for PBXProject "SQLiteCRUD" */ = {
			isa = XCConfigurationList;
			buildConfigurations = (
				D212EF1F2660AB8B00FAEA25 /* Debug */,
				D212EF202660AB8B00FAEA25 /* Release */,
			);
			defaultConfigurationIsVisible = 0;
			defaultConfigurationName = Release;
		};
		D212EF212660AB8B00FAEA25 /* Build configuration list for PBXNativeTarget "SQLiteCRUD" */ = {
			isa = XCConfigurationList;
			buildConfigurations = (
				D212EF222660AB8B00FAEA25 /* Debug */,
				D212EF232660AB8B00FAEA25 /* Release */,
			);
			defaultConfigurationIsVisible = 0;
			defaultConfigurationName = Release;
		};
/* End XCConfigurationList section */
	};
	rootObject = D212EF052660AB8A00FAEA25 /* Project object */;
}
