// !$*UTF8*$!
{
	archiveVersion = 1;
	classes = {
	};
	objectVersion = 50;
	objects = {

/* Begin PBXBuildFile section */
		2E7C0B2C563FD0E151594999 /* Pods_wifidirect.framework in Frameworks */ = {isa = PBXBuildFile; fileRef = 773D480F16CADA5D6A8F6524 /* Pods_wifidirect.framework */; };
		D2B007FF21B7F84B001B2B39 /* AppDelegate.swift in Sources */ = {isa = PBXBuildFile; fileRef = D2B007FE21B7F84B001B2B39 /* AppDelegate.swift */; };
		D2B0080121B7F84B001B2B39 /* ViewController.swift in Sources */ = {isa = PBXBuildFile; fileRef = D2B0080021B7F84B001B2B39 /* ViewController.swift */; };
		D2B0080421B7F84B001B2B39 /* Main.storyboard in Resources */ = {isa = PBXBuildFile; fileRef = D2B0080221B7F84B001B2B39 /* Main.storyboard */; };
		D2B0080721B7F84B001B2B39 /* wifidirect.xcdatamodeld in Sources */ = {isa = PBXBuildFile; fileRef = D2B0080521B7F84B001B2B39 /* wifidirect.xcdatamodeld */; };
		D2B0080921B7F84E001B2B39 /* Assets.xcassets in Resources */ = {isa = PBXBuildFile; fileRef = D2B0080821B7F84E001B2B39 /* Assets.xcassets */; };
		D2B0080C21B7F84E001B2B39 /* LaunchScreen.storyboard in Resources */ = {isa = PBXBuildFile; fileRef = D2B0080A21B7F84E001B2B39 /* LaunchScreen.storyboard */; };
/* End PBXBuildFile section */

/* Begin PBXFileReference section */
		773D480F16CADA5D6A8F6524 /* Pods_wifidirect.framework */ = {isa = PBXFileReference; explicitFileType = wrapper.framework; includeInIndex = 0; path = Pods_wifidirect.framework; sourceTree = BUILT_PRODUCTS_DIR; };
		A6B37BE3D4024015C6816052 /* Pods-wifidirect.debug.xcconfig */ = {isa = PBXFileReference; includeInIndex = 1; lastKnownFileType = text.xcconfig; name = "Pods-wifidirect.debug.xcconfig"; path = "Pods/Target Support Files/Pods-wifidirect/Pods-wifidirect.debug.xcconfig"; sourceTree = "<group>"; };
		D2B007FB21B7F84B001B2B39 /* wifidirect.app */ = {isa = PBXFileReference; explicitFileType = wrapper.application; includeInIndex = 0; path = wifidirect.app; sourceTree = BUILT_PRODUCTS_DIR; };
		D2B007FE21B7F84B001B2B39 /* AppDelegate.swift */ = {isa = PBXFileReference; lastKnownFileType = sourcecode.swift; path = AppDelegate.swift; sourceTree = "<group>"; };
		D2B0080021B7F84B001B2B39 /* ViewController.swift */ = {isa = PBXFileReference; lastKnownFileType = sourcecode.swift; path = ViewController.swift; sourceTree = "<group>"; };
		D2B0080321B7F84B001B2B39 /* Base */ = {isa = PBXFileReference; lastKnownFileType = file.storyboard; name = Base; path = Base.lproj/Main.storyboard; sourceTree = "<group>"; };
		D2B0080621B7F84B001B2B39 /* wifidirect.xcdatamodel */ = {isa = PBXFileReference; lastKnownFileType = wrapper.xcdatamodel; path = wifidirect.xcdatamodel; sourceTree = "<group>"; };
		D2B0080821B7F84E001B2B39 /* Assets.xcassets */ = {isa = PBXFileReference; lastKnownFileType = folder.assetcatalog; path = Assets.xcassets; sourceTree = "<group>"; };
		D2B0080B21B7F84E001B2B39 /* Base */ = {isa = PBXFileReference; lastKnownFileType = file.storyboard; name = Base; path = Base.lproj/LaunchScreen.storyboard; sourceTree = "<group>"; };
		D2B0080D21B7F84E001B2B39 /* Info.plist */ = {isa = PBXFileReference; lastKnownFileType = text.plist.xml; path = Info.plist; sourceTree = "<group>"; };
		D4B21B2C1F85528BFB40AD76 /* Pods-wifidirect.release.xcconfig */ = {isa = PBXFileReference; includeInIndex = 1; lastKnownFileType = text.xcconfig; name = "Pods-wifidirect.release.xcconfig"; path = "Pods/Target Support Files/Pods-wifidirect/Pods-wifidirect.release.xcconfig"; sourceTree = "<group>"; };
/* End PBXFileReference section */

/* Begin PBXFrameworksBuildPhase section */
		D2B007F821B7F84B001B2B39 /* Frameworks */ = {
			isa = PBXFrameworksBuildPhase;
			buildActionMask = 2147483647;
			files = (
				2E7C0B2C563FD0E151594999 /* Pods_wifidirect.framework in Frameworks */,
			);
			runOnlyForDeploymentPostprocessing = 0;
		};
/* End PBXFrameworksBuildPhase section */

/* Begin PBXGroup section */
		BB64905BA1B759A858A5D4A4 /* Frameworks */ = {
			isa = PBXGroup;
			children = (
				773D480F16CADA5D6A8F6524 /* Pods_wifidirect.framework */,
			);
			name = Frameworks;
			sourceTree = "<group>";
		};
		BC67568F147D28D8C5AF039F /* Pods */ = {
			isa = PBXGroup;
			children = (
				A6B37BE3D4024015C6816052 /* Pods-wifidirect.debug.xcconfig */,
				D4B21B2C1F85528BFB40AD76 /* Pods-wifidirect.release.xcconfig */,
			);
			name = Pods;
			sourceTree = "<group>";
		};
		D2B007F221B7F84B001B2B39 = {
			isa = PBXGroup;
			children = (
				D2B007FD21B7F84B001B2B39 /* wifidirect */,
				D2B007FC21B7F84B001B2B39 /* Products */,
				BC67568F147D28D8C5AF039F /* Pods */,
				BB64905BA1B759A858A5D4A4 /* Frameworks */,
			);
			sourceTree = "<group>";
		};
		D2B007FC21B7F84B001B2B39 /* Products */ = {
			isa = PBXGroup;
			children = (
				D2B007FB21B7F84B001B2B39 /* wifidirect.app */,
			);
			name = Products;
			sourceTree = "<group>";
		};
		D2B007FD21B7F84B001B2B39 /* wifidirect */ = {
			isa = PBXGroup;
			children = (
				D2B007FE21B7F84B001B2B39 /* AppDelegate.swift */,
				D2B0080021B7F84B001B2B39 /* ViewController.swift */,
				D2B0080221B7F84B001B2B39 /* Main.storyboard */,
				D2B0080821B7F84E001B2B39 /* Assets.xcassets */,
				D2B0080A21B7F84E001B2B39 /* LaunchScreen.storyboard */,
				D2B0080D21B7F84E001B2B39 /* Info.plist */,
				D2B0080521B7F84B001B2B39 /* wifidirect.xcdatamodeld */,
			);
			path = wifidirect;
			sourceTree = "<group>";
		};
/* End PBXGroup section */

/* Begin PBXNativeTarget section */
		D2B007FA21B7F84B001B2B39 /* wifidirect */ = {
			isa = PBXNativeTarget;
			buildConfigurationList = D2B0081021B7F84E001B2B39 /* Build configuration list for PBXNativeTarget "wifidirect" */;
			buildPhases = (
				D58A0DC981E22544CC6FD3FC /* [CP] Check Pods Manifest.lock */,
				D2B007F721B7F84B001B2B39 /* Sources */,
				D2B007F821B7F84B001B2B39 /* Frameworks */,
				D2B007F921B7F84B001B2B39 /* Resources */,
				AEB75D65742D575D67782D9E /* [CP] Embed Pods Frameworks */,
			);
			buildRules = (
			);
			dependencies = (
			);
			name = wifidirect;
			productName = wifidirect;
			productReference = D2B007FB21B7F84B001B2B39 /* wifidirect.app */;
			productType = "com.apple.product-type.application";
		};
/* End PBXNativeTarget section */

/* Begin PBXProject section */
		D2B007F321B7F84B001B2B39 /* Project object */ = {
			isa = PBXProject;
			attributes = {
				LastSwiftUpdateCheck = 1010;
				LastUpgradeCheck = 1010;
				ORGANIZATIONNAME = M;
				TargetAttributes = {
					D2B007FA21B7F84B001B2B39 = {
						CreatedOnToolsVersion = 10.1;
					};
				};
			};
			buildConfigurationList = D2B007F621B7F84B001B2B39 /* Build configuration list for PBXProject "wifidirect" */;
			compatibilityVersion = "Xcode 9.3";
			developmentRegion = en;
			hasScannedForEncodings = 0;
			knownRegions = (
				en,
				Base,
			);
			mainGroup = D2B007F221B7F84B001B2B39;
			productRefGroup = D2B007FC21B7F84B001B2B39 /* Products */;
			projectDirPath = "";
			projectRoot = "";
			targets = (
				D2B007FA21B7F84B001B2B39 /* wifidirect */,
			);
		};
/* End PBXProject section */

/* Begin PBXResourcesBuildPhase section */
		D2B007F921B7F84B001B2B39 /* Resources */ = {
			isa = PBXResourcesBuildPhase;
			buildActionMask = 2147483647;
			files = (
				D2B0080C21B7F84E001B2B39 /* LaunchScreen.storyboard in Resources */,
				D2B0080921B7F84E001B2B39 /* Assets.xcassets in Resources */,
				D2B0080421B7F84B001B2B39 /* Main.storyboard in Resources */,
			);
			runOnlyForDeploymentPostprocessing = 0;
		};
/* End PBXResourcesBuildPhase section */

/* Begin PBXShellScriptBuildPhase section */
		AEB75D65742D575D67782D9E /* [CP] Embed Pods Frameworks */ = {
			isa = PBXShellScriptBuildPhase;
			buildActionMask = 2147483647;
			files = (
			);
			inputPaths = (
				"${SRCROOT}/Pods/Target Support Files/Pods-wifidirect/Pods-wifidirect-frameworks.sh",
				"${BUILT_PRODUCTS_DIR}/SwiftSocket/SwiftSocket.framework",
			);
			name = "[CP] Embed Pods Frameworks";
			outputPaths = (
				"${TARGET_BUILD_DIR}/${FRAMEWORKS_FOLDER_PATH}/SwiftSocket.framework",
			);
			runOnlyForDeploymentPostprocessing = 0;
			shellPath = /bin/sh;
			shellScript = "\"${SRCROOT}/Pods/Target Support Files/Pods-wifidirect/Pods-wifidirect-frameworks.sh\"\n";
			showEnvVarsInLog = 0;
		};
		D58A0DC981E22544CC6FD3FC /* [CP] Check Pods Manifest.lock */ = {
			isa = PBXShellScriptBuildPhase;
			buildActionMask = 2147483647;
			files = (
			);
			inputPaths = (
				"${PODS_PODFILE_DIR_PATH}/Podfile.lock",
				"${PODS_ROOT}/Manifest.lock",
			);
			name = "[CP] Check Pods Manifest.lock";
			outputPaths = (
				"$(DERIVED_FILE_DIR)/Pods-wifidirect-checkManifestLockResult.txt",
			);
			runOnlyForDeploymentPostprocessing = 0;
			shellPath = /bin/sh;
			shellScript = "diff \"${PODS_PODFILE_DIR_PATH}/Podfile.lock\" \"${PODS_ROOT}/Manifest.lock\" > /dev/null\nif [ $? != 0 ] ; then\n    # print error to STDERR\n    echo \"error: The sandbox is not in sync with the Podfile.lock. Run 'pod install' or update your CocoaPods installation.\" >&2\n    exit 1\nfi\n# This output is used by Xcode 'outputs' to avoid re-running this script phase.\necho \"SUCCESS\" > \"${SCRIPT_OUTPUT_FILE_0}\"\n";
			showEnvVarsInLog = 0;
		};
/* End PBXShellScriptBuildPhase section */

/* Begin PBXSourcesBuildPhase section */
		D2B007F721B7F84B001B2B39 /* Sources */ = {
			isa = PBXSourcesBuildPhase;
			buildActionMask = 2147483647;
			files = (
				D2B0080121B7F84B001B2B39 /* ViewController.swift in Sources */,
				D2B007FF21B7F84B001B2B39 /* AppDelegate.swift in Sources */,
				D2B0080721B7F84B001B2B39 /* wifidirect.xcdatamodeld in Sources */,
			);
			runOnlyForDeploymentPostprocessing = 0;
		};
/* End PBXSourcesBuildPhase section */

/* Begin PBXVariantGroup section */
		D2B0080221B7F84B001B2B39 /* Main.storyboard */ = {
			isa = PBXVariantGroup;
			children = (
				D2B0080321B7F84B001B2B39 /* Base */,
			);
			name = Main.storyboard;
			sourceTree = "<group>";
		};
		D2B0080A21B7F84E001B2B39 /* LaunchScreen.storyboard */ = {
			isa = PBXVariantGroup;
			children = (
				D2B0080B21B7F84E001B2B39 /* Base */,
			);
			name = LaunchScreen.storyboard;
			sourceTree = "<group>";
		};
/* End PBXVariantGroup section */

/* Begin XCBuildConfiguration section */
		D2B0080E21B7F84E001B2B39 /* Debug */ = {
			isa = XCBuildConfiguration;
			buildSettings = {
				ALWAYS_SEARCH_USER_PATHS = NO;
				CLANG_ANALYZER_NONNULL = YES;
				CLANG_ANALYZER_NUMBER_OBJECT_CONVERSION = YES_AGGRESSIVE;
				CLANG_CXX_LANGUAGE_STANDARD = "gnu++14";
				CLANG_CXX_LIBRARY = "libc++";
				CLANG_ENABLE_MODULES = YES;
				CLANG_ENABLE_OBJC_ARC = YES;
				CLANG_ENABLE_OBJC_WEAK = YES;
				CLANG_WARN_BLOCK_CAPTURE_AUTORELEASING = YES;
				CLANG_WARN_BOOL_CONVERSION = YES;
				CLANG_WARN_COMMA = YES;
				CLANG_WARN_CONSTANT_CONVERSION = YES;
				CLANG_WARN_DEPRECATED_OBJC_IMPLEMENTATIONS = YES;
				CLANG_WARN_DIRECT_OBJC_ISA_USAGE = YES_ERROR;
				CLANG_WARN_DOCUMENTATION_COMMENTS = YES;
				CLANG_WARN_EMPTY_BODY = YES;
				CLANG_WARN_ENUM_CONVERSION = YES;
				CLANG_WARN_INFINITE_RECURSION = YES;
				CLANG_WARN_INT_CONVERSION = YES;
				CLANG_WARN_NON_LITERAL_NULL_CONVERSION = YES;
				CLANG_WARN_OBJC_IMPLICIT_RETAIN_SELF = YES;
				CLANG_WARN_OBJC_LITERAL_CONVERSION = YES;
				CLANG_WARN_OBJC_ROOT_CLASS = YES_ERROR;
				CLANG_WARN_RANGE_LOOP_ANALYSIS = YES;
				CLANG_WARN_STRICT_PROTOTYPES = YES;
				CLANG_WARN_SUSPICIOUS_MOVE = YES;
				CLANG_WARN_UNGUARDED_AVAILABILITY = YES_AGGRESSIVE;
				CLANG_WARN_UNREACHABLE_CODE = YES;
				CLANG_WARN__DUPLICATE_METHOD_MATCH = YES;
				CODE_SIGN_IDENTITY = "iPhone Developer";
				COPY_PHASE_STRIP = NO;
				DEBUG_INFORMATION_FORMAT = dwarf;
				ENABLE_STRICT_OBJC_MSGSEND = YES;
				ENABLE_TESTABILITY = YES;
				GCC_C_LANGUAGE_STANDARD = gnu11;
				GCC_DYNAMIC_NO_PIC = NO;
				GCC_NO_COMMON_BLOCKS = YES;
				GCC_OPTIMIZATION_LEVEL = 0;
				GCC_PREPROCESSOR_DEFINITIONS = (
					"DEBUG=1",
					"$(inherited)",
				);
				GCC_WARN_64_TO_32_BIT_CONVERSION = YES;
				GCC_WARN_ABOUT_RETURN_TYPE = YES_ERROR;
				GCC_WARN_UNDECLARED_SELECTOR = YES;
				GCC_WARN_UNINITIALIZED_AUTOS = YES_AGGRESSIVE;
				GCC_WARN_UNUSED_FUNCTION = YES;
				GCC_WARN_UNUSED_VARIABLE = YES;
				IPHONEOS_DEPLOYMENT_TARGET = 12.1;
				MTL_ENABLE_DEBUG_INFO = INCLUDE_SOURCE;
				MTL_FAST_MATH = YES;
				ONLY_ACTIVE_ARCH = YES;
				SDKROOT = iphoneos;
				SWIFT_ACTIVE_COMPILATION_CONDITIONS = DEBUG;
				SWIFT_OPTIMIZATION_LEVEL = "-Onone";
			};
			name = Debug;
		};
		D2B0080F21B7F84E001B2B39 /* Release */ = {
			isa = XCBuildConfiguration;
			buildSettings = {
				ALWAYS_SEARCH_USER_PATHS = NO;
				CLANG_ANALYZER_NONNULL = YES;
				CLANG_ANALYZER_NUMBER_OBJECT_CONVERSION = YES_AGGRESSIVE;
				CLANG_CXX_LANGUAGE_STANDARD = "gnu++14";
				CLANG_CXX_LIBRARY = "libc++";
				CLANG_ENABLE_MODULES = YES;
				CLANG_ENABLE_OBJC_ARC = YES;
				CLANG_ENABLE_OBJC_WEAK = YES;
				CLANG_WARN_BLOCK_CAPTURE_AUTORELEASING = YES;
				CLANG_WARN_BOOL_CONVERSION = YES;
				CLANG_WARN_COMMA = YES;
				CLANG_WARN_CONSTANT_CONVERSION = YES;
				CLANG_WARN_DEPRECATED_OBJC_IMPLEMENTATIONS = YES;
				CLANG_WARN_DIRECT_OBJC_ISA_USAGE = YES_ERROR;
				CLANG_WARN_DOCUMENTATION_COMMENTS = YES;
				CLANG_WARN_EMPTY_BODY = YES;
				CLANG_WARN_ENUM_CONVERSION = YES;
				CLANG_WARN_INFINITE_RECURSION = YES;
				CLANG_WARN_INT_CONVERSION = YES;
				CLANG_WARN_NON_LITERAL_NULL_CONVERSION = YES;
				CLANG_WARN_OBJC_IMPLICIT_RETAIN_SELF = YES;
				CLANG_WARN_OBJC_LITERAL_CONVERSION = YES;
				CLANG_WARN_OBJC_ROOT_CLASS = YES_ERROR;
				CLANG_WARN_RANGE_LOOP_ANALYSIS = YES;
				CLANG_WARN_STRICT_PROTOTYPES = YES;
				CLANG_WARN_SUSPICIOUS_MOVE = YES;
				CLANG_WARN_UNGUARDED_AVAILABILITY = YES_AGGRESSIVE;
				CLANG_WARN_UNREACHABLE_CODE = YES;
				CLANG_WARN__DUPLICATE_METHOD_MATCH = YES;
				CODE_SIGN_IDENTITY = "iPhone Developer";
				COPY_PHASE_STRIP = NO;
				DEBUG_INFORMATION_FORMAT = "dwarf-with-dsym";
				ENABLE_NS_ASSERTIONS = NO;
				ENABLE_STRICT_OBJC_MSGSEND = YES;
				GCC_C_LANGUAGE_STANDARD = gnu11;
				GCC_NO_COMMON_BLOCKS = YES;
				GCC_WARN_64_TO_32_BIT_CONVERSION = YES;
				GCC_WARN_ABOUT_RETURN_TYPE = YES_ERROR;
				GCC_WARN_UNDECLARED_SELECTOR = YES;
				GCC_WARN_UNINITIALIZED_AUTOS = YES_AGGRESSIVE;
				GCC_WARN_UNUSED_FUNCTION = YES;
				GCC_WARN_UNUSED_VARIABLE = YES;
				IPHONEOS_DEPLOYMENT_TARGET = 12.1;
				MTL_ENABLE_DEBUG_INFO = NO;
				MTL_FAST_MATH = YES;
				SDKROOT = iphoneos;
				SWIFT_COMPILATION_MODE = wholemodule;
				SWIFT_OPTIMIZATION_LEVEL = "-O";
				VALIDATE_PRODUCT = YES;
			};
			name = Release;
		};
		D2B0081121B7F84E001B2B39 /* Debug */ = {
			isa = XCBuildConfiguration;
			baseConfigurationReference = A6B37BE3D4024015C6816052 /* Pods-wifidirect.debug.xcconfig */;
			buildSettings = {
				ASSETCATALOG_COMPILER_APPICON_NAME = AppIcon;
				CODE_SIGN_STYLE = Automatic;
				DEVELOPMENT_TEAM = 5M6NGPXUQT;
				INFOPLIST_FILE = wifidirect/Info.plist;
				LD_RUNPATH_SEARCH_PATHS = (
					"$(inherited)",
					"@executable_path/Frameworks",
				);
				PRODUCT_BUNDLE_IDENTIFIER = com.hajunho.socket;
				PRODUCT_NAME = "$(TARGET_NAME)";
				SWIFT_VERSION = 4.2;
				TARGETED_DEVICE_FAMILY = "1,2";
			};
			name = Debug;
		};
		D2B0081221B7F84E001B2B39 /* Release */ = {
			isa = XCBuildConfiguration;
			baseConfigurationReference = D4B21B2C1F85528BFB40AD76 /* Pods-wifidirect.release.xcconfig */;
			buildSettings = {
				ASSETCATALOG_COMPILER_APPICON_NAME = AppIcon;
				CODE_SIGN_STYLE = Automatic;
				DEVELOPMENT_TEAM = 5M6NGPXUQT;
				INFOPLIST_FILE = wifidirect/Info.plist;
				LD_RUNPATH_SEARCH_PATHS = (
					"$(inherited)",
					"@executable_path/Frameworks",
				);
				PRODUCT_BUNDLE_IDENTIFIER = com.hajunho.socket;
				PRODUCT_NAME = "$(TARGET_NAME)";
				SWIFT_VERSION = 4.2;
				TARGETED_DEVICE_FAMILY = "1,2";
			};
			name = Release;
		};
/* End XCBuildConfiguration section */

/* Begin XCConfigurationList section */
		D2B007F621B7F84B001B2B39 /* Build configuration list for PBXProject "wifidirect" */ = {
			isa = XCConfigurationList;
			buildConfigurations = (
				D2B0080E21B7F84E001B2B39 /* Debug */,
				D2B0080F21B7F84E001B2B39 /* Release */,
			);
			defaultConfigurationIsVisible = 0;
			defaultConfigurationName = Release;
		};
		D2B0081021B7F84E001B2B39 /* Build configuration list for PBXNativeTarget "wifidirect" */ = {
			isa = XCConfigurationList;
			buildConfigurations = (
				D2B0081121B7F84E001B2B39 /* Debug */,
				D2B0081221B7F84E001B2B39 /* Release */,
			);
			defaultConfigurationIsVisible = 0;
			defaultConfigurationName = Release;
		};
/* End XCConfigurationList section */

/* Begin XCVersionGroup section */
		D2B0080521B7F84B001B2B39 /* wifidirect.xcdatamodeld */ = {
			isa = XCVersionGroup;
			children = (
				D2B0080621B7F84B001B2B39 /* wifidirect.xcdatamodel */,
			);
			currentVersion = D2B0080621B7F84B001B2B39 /* wifidirect.xcdatamodel */;
			path = wifidirect.xcdatamodeld;
			sourceTree = "<group>";
			versionGroupType = wrapper.xcdatamodel;
		};
/* End XCVersionGroup section */
	};
	rootObject = D2B007F321B7F84B001B2B39 /* Project object */;
}
