// !$*UTF8*$!
{
	archiveVersion = 1;
	classes = {
	};
	objectVersion = 50;
	objects = {

/* Begin PBXBuildFile section */
		0BA9D12C5E43EB22221EC8A2 /* Pods_com_hajunho_swift_graphUITests.framework in Frameworks */ = {isa = PBXBuildFile; fileRef = F44E2AD07926AFD3A55E9B37 /* Pods_com_hajunho_swift_graphUITests.framework */; };
		6AADCECC0FCE931FD4ABD2C7 /* Pods_com_hajunho_swift_graph.framework in Frameworks */ = {isa = PBXBuildFile; fileRef = 76755D9EFF3208927392EEAF /* Pods_com_hajunho_swift_graph.framework */; };
		D2162C112170A6C100514441 /* Data_p.swift in Sources */ = {isa = PBXBuildFile; fileRef = D2162C102170A6C100514441 /* Data_p.swift */; };
		D2162C132170A7C900514441 /* jhScene_p.swift in Sources */ = {isa = PBXBuildFile; fileRef = D2162C122170A7C900514441 /* jhScene_p.swift */; };
		D2162C152170AAD200514441 /* jhPanel_p.swift in Sources */ = {isa = PBXBuildFile; fileRef = D2162C142170AAD200514441 /* jhPanel_p.swift */; };
		D2162C1A21741F7500514441 /* GS.swift in Sources */ = {isa = PBXBuildFile; fileRef = D2162C1921741F7500514441 /* GS.swift */; };
		D2162C1C217421DB00514441 /* jhDraw.swift in Sources */ = {isa = PBXBuildFile; fileRef = D2162C1B217421DB00514441 /* jhDraw.swift */; };
		D21BCA63216B3E3900099859 /* AppDelegate.swift in Sources */ = {isa = PBXBuildFile; fileRef = D21BCA62216B3E3900099859 /* AppDelegate.swift */; };
		D21BCA6A216B3E3A00099859 /* Assets.xcassets in Resources */ = {isa = PBXBuildFile; fileRef = D21BCA69216B3E3A00099859 /* Assets.xcassets */; };
		D21BCA6D216B3E3A00099859 /* LaunchScreen.storyboard in Resources */ = {isa = PBXBuildFile; fileRef = D21BCA6B216B3E3A00099859 /* LaunchScreen.storyboard */; };
		D21BCA78216B3E3A00099859 /* com_hajunho_swift_graphTests.swift in Sources */ = {isa = PBXBuildFile; fileRef = D21BCA77216B3E3A00099859 /* com_hajunho_swift_graphTests.swift */; };
		D21BCA83216B3E3A00099859 /* com_hajunho_swift_graphUITests.swift in Sources */ = {isa = PBXBuildFile; fileRef = D21BCA82216B3E3A00099859 /* com_hajunho_swift_graphUITests.swift */; };
		D2720903217874260037D092 /* observer_p.swift in Sources */ = {isa = PBXBuildFile; fileRef = D2720902217874260037D092 /* observer_p.swift */; };
		D2720905217874C80037D092 /* jhClientServer.swift in Sources */ = {isa = PBXBuildFile; fileRef = D2720904217874C80037D092 /* jhClientServer.swift */; };
		D2CC0CBC21747AEC00DE1BB1 /* jhPanel.swift in Sources */ = {isa = PBXBuildFile; fileRef = D2CC0CBB21747AEC00DE1BB1 /* jhPanel.swift */; };
		D2CC0CBE21747B4700DE1BB1 /* jhFile.swift in Sources */ = {isa = PBXBuildFile; fileRef = D2CC0CBD21747B4700DE1BB1 /* jhFile.swift */; };
		D2CC0CC82174804600DE1BB1 /* testdata.plist in Resources */ = {isa = PBXBuildFile; fileRef = D2CC0CC72174804600DE1BB1 /* testdata.plist */; };
		D2CC0CCA2174849800DE1BB1 /* jhScene.swift in Sources */ = {isa = PBXBuildFile; fileRef = D2CC0CC92174849800DE1BB1 /* jhScene.swift */; };
		D2CC0CCC217484CC00DE1BB1 /* jhGuideLine.swift in Sources */ = {isa = PBXBuildFile; fileRef = D2CC0CCB217484CC00DE1BB1 /* jhGuideLine.swift */; };
		D2CC0CCE2174870700DE1BB1 /* jhGraphBuilder.swift in Sources */ = {isa = PBXBuildFile; fileRef = D2CC0CCD2174870700DE1BB1 /* jhGraphBuilder.swift */; };
		D2CC0CD02174877C00DE1BB1 /* jhLineGraph.swift in Sources */ = {isa = PBXBuildFile; fileRef = D2CC0CCF2174877C00DE1BB1 /* jhLineGraph.swift */; };
		D2CC0CD22174879B00DE1BB1 /* jhBarGraph.swift in Sources */ = {isa = PBXBuildFile; fileRef = D2CC0CD12174879B00DE1BB1 /* jhBarGraph.swift */; };
		D2D1FEC6217560A600FD2615 /* GraphExample.storyboard in Resources */ = {isa = PBXBuildFile; fileRef = D2D1FEC5217560A600FD2615 /* GraphExample.storyboard */; };
		D2D1FEC8217560C900FD2615 /* ViewController.swift in Sources */ = {isa = PBXBuildFile; fileRef = D2D1FEC7217560C900FD2615 /* ViewController.swift */; };
		F0A5FD5839358FB0E6C63109 /* Pods_com_hajunho_swift_graphTests.framework in Frameworks */ = {isa = PBXBuildFile; fileRef = 7F7838D44C36043252B5732E /* Pods_com_hajunho_swift_graphTests.framework */; };
/* End PBXBuildFile section */

/* Begin PBXContainerItemProxy section */
		D21BCA74216B3E3A00099859 /* PBXContainerItemProxy */ = {
			isa = PBXContainerItemProxy;
			containerPortal = D21BCA57216B3E3900099859 /* Project object */;
			proxyType = 1;
			remoteGlobalIDString = D21BCA5E216B3E3900099859;
			remoteInfo = "com.hajunho.swift-graph";
		};
		D21BCA7F216B3E3A00099859 /* PBXContainerItemProxy */ = {
			isa = PBXContainerItemProxy;
			containerPortal = D21BCA57216B3E3900099859 /* Project object */;
			proxyType = 1;
			remoteGlobalIDString = D21BCA5E216B3E3900099859;
			remoteInfo = "com.hajunho.swift-graph";
		};
/* End PBXContainerItemProxy section */

/* Begin PBXFileReference section */
		426E6B15E35938642CF2C9B0 /* Pods-com.hajunho.swift-graphUITests.release.xcconfig */ = {isa = PBXFileReference; includeInIndex = 1; lastKnownFileType = text.xcconfig; name = "Pods-com.hajunho.swift-graphUITests.release.xcconfig"; path = "Pods/Target Support Files/Pods-com.hajunho.swift-graphUITests/Pods-com.hajunho.swift-graphUITests.release.xcconfig"; sourceTree = "<group>"; };
		7563CA14015930841D2EC1CB /* Pods-com.hajunho.swift-graphTests.release.xcconfig */ = {isa = PBXFileReference; includeInIndex = 1; lastKnownFileType = text.xcconfig; name = "Pods-com.hajunho.swift-graphTests.release.xcconfig"; path = "Pods/Target Support Files/Pods-com.hajunho.swift-graphTests/Pods-com.hajunho.swift-graphTests.release.xcconfig"; sourceTree = "<group>"; };
		76755D9EFF3208927392EEAF /* Pods_com_hajunho_swift_graph.framework */ = {isa = PBXFileReference; explicitFileType = wrapper.framework; includeInIndex = 0; path = Pods_com_hajunho_swift_graph.framework; sourceTree = BUILT_PRODUCTS_DIR; };
		7F7838D44C36043252B5732E /* Pods_com_hajunho_swift_graphTests.framework */ = {isa = PBXFileReference; explicitFileType = wrapper.framework; includeInIndex = 0; path = Pods_com_hajunho_swift_graphTests.framework; sourceTree = BUILT_PRODUCTS_DIR; };
		99246F5508F24ECFAA577687 /* Pods-com.hajunho.swift-graph.release.xcconfig */ = {isa = PBXFileReference; includeInIndex = 1; lastKnownFileType = text.xcconfig; name = "Pods-com.hajunho.swift-graph.release.xcconfig"; path = "Pods/Target Support Files/Pods-com.hajunho.swift-graph/Pods-com.hajunho.swift-graph.release.xcconfig"; sourceTree = "<group>"; };
		9F9EE77AA164FBA321E0340F /* Pods-com.hajunho.swift-graphTests.debug.xcconfig */ = {isa = PBXFileReference; includeInIndex = 1; lastKnownFileType = text.xcconfig; name = "Pods-com.hajunho.swift-graphTests.debug.xcconfig"; path = "Pods/Target Support Files/Pods-com.hajunho.swift-graphTests/Pods-com.hajunho.swift-graphTests.debug.xcconfig"; sourceTree = "<group>"; };
		D2162C102170A6C100514441 /* Data_p.swift */ = {isa = PBXFileReference; lastKnownFileType = sourcecode.swift; path = Data_p.swift; sourceTree = "<group>"; };
		D2162C122170A7C900514441 /* jhScene_p.swift */ = {isa = PBXFileReference; lastKnownFileType = sourcecode.swift; path = jhScene_p.swift; sourceTree = "<group>"; };
		D2162C142170AAD200514441 /* jhPanel_p.swift */ = {isa = PBXFileReference; lastKnownFileType = sourcecode.swift; path = jhPanel_p.swift; sourceTree = "<group>"; };
		D2162C1921741F7500514441 /* GS.swift */ = {isa = PBXFileReference; lastKnownFileType = sourcecode.swift; path = GS.swift; sourceTree = "<group>"; };
		D2162C1B217421DB00514441 /* jhDraw.swift */ = {isa = PBXFileReference; lastKnownFileType = sourcecode.swift; path = jhDraw.swift; sourceTree = "<group>"; };
		D21BCA5F216B3E3900099859 /* com.hajunho.swift-graph.app */ = {isa = PBXFileReference; explicitFileType = wrapper.application; includeInIndex = 0; path = "com.hajunho.swift-graph.app"; sourceTree = BUILT_PRODUCTS_DIR; };
		D21BCA62216B3E3900099859 /* AppDelegate.swift */ = {isa = PBXFileReference; lastKnownFileType = sourcecode.swift; path = AppDelegate.swift; sourceTree = "<group>"; };
		D21BCA69216B3E3A00099859 /* Assets.xcassets */ = {isa = PBXFileReference; lastKnownFileType = folder.assetcatalog; path = Assets.xcassets; sourceTree = "<group>"; };
		D21BCA6C216B3E3A00099859 /* Base */ = {isa = PBXFileReference; lastKnownFileType = file.storyboard; name = Base; path = Base.lproj/LaunchScreen.storyboard; sourceTree = "<group>"; };
		D21BCA6E216B3E3A00099859 /* Info.plist */ = {isa = PBXFileReference; lastKnownFileType = text.plist.xml; path = Info.plist; sourceTree = "<group>"; };
		D21BCA73216B3E3A00099859 /* com.hajunho.swift-graphTests.xctest */ = {isa = PBXFileReference; explicitFileType = wrapper.cfbundle; includeInIndex = 0; path = "com.hajunho.swift-graphTests.xctest"; sourceTree = BUILT_PRODUCTS_DIR; };
		D21BCA77216B3E3A00099859 /* com_hajunho_swift_graphTests.swift */ = {isa = PBXFileReference; lastKnownFileType = sourcecode.swift; path = com_hajunho_swift_graphTests.swift; sourceTree = "<group>"; };
		D21BCA79216B3E3A00099859 /* Info.plist */ = {isa = PBXFileReference; lastKnownFileType = text.plist.xml; path = Info.plist; sourceTree = "<group>"; };
		D21BCA7E216B3E3A00099859 /* com.hajunho.swift-graphUITests.xctest */ = {isa = PBXFileReference; explicitFileType = wrapper.cfbundle; includeInIndex = 0; path = "com.hajunho.swift-graphUITests.xctest"; sourceTree = BUILT_PRODUCTS_DIR; };
		D21BCA82216B3E3A00099859 /* com_hajunho_swift_graphUITests.swift */ = {isa = PBXFileReference; lastKnownFileType = sourcecode.swift; path = com_hajunho_swift_graphUITests.swift; sourceTree = "<group>"; };
		D21BCA84216B3E3A00099859 /* Info.plist */ = {isa = PBXFileReference; lastKnownFileType = text.plist.xml; path = Info.plist; sourceTree = "<group>"; };
		D2720902217874260037D092 /* observer_p.swift */ = {isa = PBXFileReference; lastKnownFileType = sourcecode.swift; path = observer_p.swift; sourceTree = "<group>"; };
		D2720904217874C80037D092 /* jhClientServer.swift */ = {isa = PBXFileReference; lastKnownFileType = sourcecode.swift; path = jhClientServer.swift; sourceTree = "<group>"; };
		D2CC0CBB21747AEC00DE1BB1 /* jhPanel.swift */ = {isa = PBXFileReference; lastKnownFileType = sourcecode.swift; path = jhPanel.swift; sourceTree = "<group>"; };
		D2CC0CBD21747B4700DE1BB1 /* jhFile.swift */ = {isa = PBXFileReference; lastKnownFileType = sourcecode.swift; path = jhFile.swift; sourceTree = "<group>"; };
		D2CC0CC021747E5A00DE1BB1 /* SF-Pro-Text-Light.otf */ = {isa = PBXFileReference; lastKnownFileType = file; path = "SF-Pro-Text-Light.otf"; sourceTree = "<group>"; };
		D2CC0CC121747E5A00DE1BB1 /* NanumSquareOTFRegular.otf */ = {isa = PBXFileReference; lastKnownFileType = file; path = NanumSquareOTFRegular.otf; sourceTree = "<group>"; };
		D2CC0CC221747E5A00DE1BB1 /* NanumSquareOTFBold.otf */ = {isa = PBXFileReference; lastKnownFileType = file; path = NanumSquareOTFBold.otf; sourceTree = "<group>"; };
		D2CC0CC321747E5A00DE1BB1 /* SF-Pro-Text-Regular.otf */ = {isa = PBXFileReference; lastKnownFileType = file; path = "SF-Pro-Text-Regular.otf"; sourceTree = "<group>"; };
		D2CC0CC421747E5A00DE1BB1 /* NanumSquareOTFExtraBold.otf */ = {isa = PBXFileReference; lastKnownFileType = file; path = NanumSquareOTFExtraBold.otf; sourceTree = "<group>"; };
		D2CC0CC521747E5A00DE1BB1 /* NanumSquareOTFLight.otf */ = {isa = PBXFileReference; lastKnownFileType = file; path = NanumSquareOTFLight.otf; sourceTree = "<group>"; };
		D2CC0CC621747E5B00DE1BB1 /* Pecita.otf */ = {isa = PBXFileReference; lastKnownFileType = file; path = Pecita.otf; sourceTree = "<group>"; };
		D2CC0CC72174804600DE1BB1 /* testdata.plist */ = {isa = PBXFileReference; fileEncoding = 4; lastKnownFileType = text.plist.xml; path = testdata.plist; sourceTree = "<group>"; };
		D2CC0CC92174849800DE1BB1 /* jhScene.swift */ = {isa = PBXFileReference; lastKnownFileType = sourcecode.swift; path = jhScene.swift; sourceTree = "<group>"; };
		D2CC0CCB217484CC00DE1BB1 /* jhGuideLine.swift */ = {isa = PBXFileReference; lastKnownFileType = sourcecode.swift; path = jhGuideLine.swift; sourceTree = "<group>"; };
		D2CC0CCD2174870700DE1BB1 /* jhGraphBuilder.swift */ = {isa = PBXFileReference; lastKnownFileType = sourcecode.swift; path = jhGraphBuilder.swift; sourceTree = "<group>"; };
		D2CC0CCF2174877C00DE1BB1 /* jhLineGraph.swift */ = {isa = PBXFileReference; lastKnownFileType = sourcecode.swift; path = jhLineGraph.swift; sourceTree = "<group>"; };
		D2CC0CD12174879B00DE1BB1 /* jhBarGraph.swift */ = {isa = PBXFileReference; lastKnownFileType = sourcecode.swift; path = jhBarGraph.swift; sourceTree = "<group>"; };
		D2D1FEC5217560A600FD2615 /* GraphExample.storyboard */ = {isa = PBXFileReference; lastKnownFileType = file.storyboard; path = GraphExample.storyboard; sourceTree = "<group>"; };
		D2D1FEC7217560C900FD2615 /* ViewController.swift */ = {isa = PBXFileReference; lastKnownFileType = sourcecode.swift; path = ViewController.swift; sourceTree = "<group>"; };
		EAA28A77BB94101D11F206D8 /* Pods-com.hajunho.swift-graphUITests.debug.xcconfig */ = {isa = PBXFileReference; includeInIndex = 1; lastKnownFileType = text.xcconfig; name = "Pods-com.hajunho.swift-graphUITests.debug.xcconfig"; path = "Pods/Target Support Files/Pods-com.hajunho.swift-graphUITests/Pods-com.hajunho.swift-graphUITests.debug.xcconfig"; sourceTree = "<group>"; };
		F44E2AD07926AFD3A55E9B37 /* Pods_com_hajunho_swift_graphUITests.framework */ = {isa = PBXFileReference; explicitFileType = wrapper.framework; includeInIndex = 0; path = Pods_com_hajunho_swift_graphUITests.framework; sourceTree = BUILT_PRODUCTS_DIR; };
		F82C672D1E1891BF7965863B /* Pods-com.hajunho.swift-graph.debug.xcconfig */ = {isa = PBXFileReference; includeInIndex = 1; lastKnownFileType = text.xcconfig; name = "Pods-com.hajunho.swift-graph.debug.xcconfig"; path = "Pods/Target Support Files/Pods-com.hajunho.swift-graph/Pods-com.hajunho.swift-graph.debug.xcconfig"; sourceTree = "<group>"; };
/* End PBXFileReference section */

/* Begin PBXFrameworksBuildPhase section */
		D21BCA5C216B3E3900099859 /* Frameworks */ = {
			isa = PBXFrameworksBuildPhase;
			buildActionMask = 2147483647;
			files = (
				6AADCECC0FCE931FD4ABD2C7 /* Pods_com_hajunho_swift_graph.framework in Frameworks */,
			);
			runOnlyForDeploymentPostprocessing = 0;
		};
		D21BCA70216B3E3A00099859 /* Frameworks */ = {
			isa = PBXFrameworksBuildPhase;
			buildActionMask = 2147483647;
			files = (
				F0A5FD5839358FB0E6C63109 /* Pods_com_hajunho_swift_graphTests.framework in Frameworks */,
			);
			runOnlyForDeploymentPostprocessing = 0;
		};
		D21BCA7B216B3E3A00099859 /* Frameworks */ = {
			isa = PBXFrameworksBuildPhase;
			buildActionMask = 2147483647;
			files = (
				0BA9D12C5E43EB22221EC8A2 /* Pods_com_hajunho_swift_graphUITests.framework in Frameworks */,
			);
			runOnlyForDeploymentPostprocessing = 0;
		};
/* End PBXFrameworksBuildPhase section */

/* Begin PBXGroup section */
		3B202D4D4177A90B04213DA0 /* Frameworks */ = {
			isa = PBXGroup;
			children = (
				76755D9EFF3208927392EEAF /* Pods_com_hajunho_swift_graph.framework */,
				7F7838D44C36043252B5732E /* Pods_com_hajunho_swift_graphTests.framework */,
				F44E2AD07926AFD3A55E9B37 /* Pods_com_hajunho_swift_graphUITests.framework */,
			);
			name = Frameworks;
			sourceTree = "<group>";
		};
		D2162C0C21707FB500514441 /* jhpanel */ = {
			isa = PBXGroup;
			children = (
				D2162C142170AAD200514441 /* jhPanel_p.swift */,
				D2CC0CBB21747AEC00DE1BB1 /* jhPanel.swift */,
			);
			path = jhpanel;
			sourceTree = "<group>";
		};
		D2162C0D21707FBA00514441 /* jhscene */ = {
			isa = PBXGroup;
			children = (
				D2162C122170A7C900514441 /* jhScene_p.swift */,
				D2CC0CC92174849800DE1BB1 /* jhScene.swift */,
				D2CC0CCB217484CC00DE1BB1 /* jhGuideLine.swift */,
			);
			path = jhscene;
			sourceTree = "<group>";
		};
		D2162C0E21707FBF00514441 /* jhgraph */ = {
			isa = PBXGroup;
			children = (
				D2162C1B217421DB00514441 /* jhDraw.swift */,
				D2CC0CCD2174870700DE1BB1 /* jhGraphBuilder.swift */,
				D2CC0CCF2174877C00DE1BB1 /* jhLineGraph.swift */,
				D2CC0CD12174879B00DE1BB1 /* jhBarGraph.swift */,
			);
			path = jhgraph;
			sourceTree = "<group>";
		};
		D2162C0F21707FC300514441 /* jhdata */ = {
			isa = PBXGroup;
			children = (
				D2CC0CC72174804600DE1BB1 /* testdata.plist */,
				D2162C102170A6C100514441 /* Data_p.swift */,
				D2CC0CBD21747B4700DE1BB1 /* jhFile.swift */,
				D2720904217874C80037D092 /* jhClientServer.swift */,
			);
			path = jhdata;
			sourceTree = "<group>";
		};
		D2162C1821741F5500514441 /* jhcore */ = {
			isa = PBXGroup;
			children = (
				D2162C1921741F7500514441 /* GS.swift */,
				D2720902217874260037D092 /* observer_p.swift */,
			);
			path = jhcore;
			sourceTree = "<group>";
		};
		D21BCA56216B3E3900099859 = {
			isa = PBXGroup;
			children = (
				D21BCA61216B3E3900099859 /* com.hajunho.swift-graph */,
				D21BCA76216B3E3A00099859 /* com.hajunho.swift-graphTests */,
				D21BCA81216B3E3A00099859 /* com.hajunho.swift-graphUITests */,
				D21BCA60216B3E3900099859 /* Products */,
				EFB332833925209008A0026A /* Pods */,
				3B202D4D4177A90B04213DA0 /* Frameworks */,
			);
			sourceTree = "<group>";
		};
		D21BCA60216B3E3900099859 /* Products */ = {
			isa = PBXGroup;
			children = (
				D21BCA5F216B3E3900099859 /* com.hajunho.swift-graph.app */,
				D21BCA73216B3E3A00099859 /* com.hajunho.swift-graphTests.xctest */,
				D21BCA7E216B3E3A00099859 /* com.hajunho.swift-graphUITests.xctest */,
			);
			name = Products;
			sourceTree = "<group>";
		};
		D21BCA61216B3E3900099859 /* com.hajunho.swift-graph */ = {
			isa = PBXGroup;
			children = (
				D2D1FEC7217560C900FD2615 /* ViewController.swift */,
				D2CC0CBF21747E4000DE1BB1 /* labelfont */,
				D2162C1821741F5500514441 /* jhcore */,
				D2162C0F21707FC300514441 /* jhdata */,
				D2162C0E21707FBF00514441 /* jhgraph */,
				D2162C0D21707FBA00514441 /* jhscene */,
				D2162C0C21707FB500514441 /* jhpanel */,
				D21BCA62216B3E3900099859 /* AppDelegate.swift */,
				D21BCA69216B3E3A00099859 /* Assets.xcassets */,
				D21BCA6B216B3E3A00099859 /* LaunchScreen.storyboard */,
				D21BCA6E216B3E3A00099859 /* Info.plist */,
				D2D1FEC5217560A600FD2615 /* GraphExample.storyboard */,
			);
			path = "com.hajunho.swift-graph";
			sourceTree = "<group>";
		};
		D21BCA76216B3E3A00099859 /* com.hajunho.swift-graphTests */ = {
			isa = PBXGroup;
			children = (
				D21BCA77216B3E3A00099859 /* com_hajunho_swift_graphTests.swift */,
				D21BCA79216B3E3A00099859 /* Info.plist */,
			);
			path = "com.hajunho.swift-graphTests";
			sourceTree = "<group>";
		};
		D21BCA81216B3E3A00099859 /* com.hajunho.swift-graphUITests */ = {
			isa = PBXGroup;
			children = (
				D21BCA82216B3E3A00099859 /* com_hajunho_swift_graphUITests.swift */,
				D21BCA84216B3E3A00099859 /* Info.plist */,
			);
			path = "com.hajunho.swift-graphUITests";
			sourceTree = "<group>";
		};
		D2CC0CBF21747E4000DE1BB1 /* labelfont */ = {
			isa = PBXGroup;
			children = (
				D2CC0CC221747E5A00DE1BB1 /* NanumSquareOTFBold.otf */,
				D2CC0CC421747E5A00DE1BB1 /* NanumSquareOTFExtraBold.otf */,
				D2CC0CC521747E5A00DE1BB1 /* NanumSquareOTFLight.otf */,
				D2CC0CC121747E5A00DE1BB1 /* NanumSquareOTFRegular.otf */,
				D2CC0CC621747E5B00DE1BB1 /* Pecita.otf */,
				D2CC0CC021747E5A00DE1BB1 /* SF-Pro-Text-Light.otf */,
				D2CC0CC321747E5A00DE1BB1 /* SF-Pro-Text-Regular.otf */,
			);
			path = labelfont;
			sourceTree = "<group>";
		};
		EFB332833925209008A0026A /* Pods */ = {
			isa = PBXGroup;
			children = (
				F82C672D1E1891BF7965863B /* Pods-com.hajunho.swift-graph.debug.xcconfig */,
				99246F5508F24ECFAA577687 /* Pods-com.hajunho.swift-graph.release.xcconfig */,
				9F9EE77AA164FBA321E0340F /* Pods-com.hajunho.swift-graphTests.debug.xcconfig */,
				7563CA14015930841D2EC1CB /* Pods-com.hajunho.swift-graphTests.release.xcconfig */,
				EAA28A77BB94101D11F206D8 /* Pods-com.hajunho.swift-graphUITests.debug.xcconfig */,
				426E6B15E35938642CF2C9B0 /* Pods-com.hajunho.swift-graphUITests.release.xcconfig */,
			);
			name = Pods;
			sourceTree = "<group>";
		};
/* End PBXGroup section */

/* Begin PBXNativeTarget section */
		D21BCA5E216B3E3900099859 /* com.hajunho.swift-graph */ = {
			isa = PBXNativeTarget;
			buildConfigurationList = D21BCA87216B3E3A00099859 /* Build configuration list for PBXNativeTarget "com.hajunho.swift-graph" */;
			buildPhases = (
				9A104837678BA1E287C2950F /* [CP] Check Pods Manifest.lock */,
				D21BCA5B216B3E3900099859 /* Sources */,
				D21BCA5C216B3E3900099859 /* Frameworks */,
				D21BCA5D216B3E3900099859 /* Resources */,
				E941E7F358852B25BDF8A627 /* [CP] Embed Pods Frameworks */,
			);
			buildRules = (
			);
			dependencies = (
			);
			name = "com.hajunho.swift-graph";
			productName = "com.hajunho.swift-graph";
			productReference = D21BCA5F216B3E3900099859 /* com.hajunho.swift-graph.app */;
			productType = "com.apple.product-type.application";
		};
		D21BCA72216B3E3A00099859 /* com.hajunho.swift-graphTests */ = {
			isa = PBXNativeTarget;
			buildConfigurationList = D21BCA8A216B3E3A00099859 /* Build configuration list for PBXNativeTarget "com.hajunho.swift-graphTests" */;
			buildPhases = (
				5821760B6D34466D17E69F27 /* [CP] Check Pods Manifest.lock */,
				D21BCA6F216B3E3A00099859 /* Sources */,
				D21BCA70216B3E3A00099859 /* Frameworks */,
				D21BCA71216B3E3A00099859 /* Resources */,
			);
			buildRules = (
			);
			dependencies = (
				D21BCA75216B3E3A00099859 /* PBXTargetDependency */,
			);
			name = "com.hajunho.swift-graphTests";
			productName = "com.hajunho.swift-graphTests";
			productReference = D21BCA73216B3E3A00099859 /* com.hajunho.swift-graphTests.xctest */;
			productType = "com.apple.product-type.bundle.unit-test";
		};
		D21BCA7D216B3E3A00099859 /* com.hajunho.swift-graphUITests */ = {
			isa = PBXNativeTarget;
			buildConfigurationList = D21BCA8D216B3E3A00099859 /* Build configuration list for PBXNativeTarget "com.hajunho.swift-graphUITests" */;
			buildPhases = (
				55E3C3AE8DD1027BBDA46B98 /* [CP] Check Pods Manifest.lock */,
				D21BCA7A216B3E3A00099859 /* Sources */,
				D21BCA7B216B3E3A00099859 /* Frameworks */,
				D21BCA7C216B3E3A00099859 /* Resources */,
			);
			buildRules = (
			);
			dependencies = (
				D21BCA80216B3E3A00099859 /* PBXTargetDependency */,
			);
			name = "com.hajunho.swift-graphUITests";
			productName = "com.hajunho.swift-graphUITests";
			productReference = D21BCA7E216B3E3A00099859 /* com.hajunho.swift-graphUITests.xctest */;
			productType = "com.apple.product-type.bundle.ui-testing";
		};
/* End PBXNativeTarget section */

/* Begin PBXProject section */
		D21BCA57216B3E3900099859 /* Project object */ = {
			isa = PBXProject;
			attributes = {
				LastSwiftUpdateCheck = 1000;
				LastUpgradeCheck = 1000;
				ORGANIZATIONNAME = hajunho.com;
				TargetAttributes = {
					D21BCA5E216B3E3900099859 = {
						CreatedOnToolsVersion = 10.0;
					};
					D21BCA72216B3E3A00099859 = {
						CreatedOnToolsVersion = 10.0;
						TestTargetID = D21BCA5E216B3E3900099859;
					};
					D21BCA7D216B3E3A00099859 = {
						CreatedOnToolsVersion = 10.0;
						TestTargetID = D21BCA5E216B3E3900099859;
					};
				};
			};
			buildConfigurationList = D21BCA5A216B3E3900099859 /* Build configuration list for PBXProject "com.hajunho.swift-graph" */;
			compatibilityVersion = "Xcode 9.3";
			developmentRegion = en;
			hasScannedForEncodings = 0;
			knownRegions = (
				en,
				Base,
			);
			mainGroup = D21BCA56216B3E3900099859;
			productRefGroup = D21BCA60216B3E3900099859 /* Products */;
			projectDirPath = "";
			projectRoot = "";
			targets = (
				D21BCA5E216B3E3900099859 /* com.hajunho.swift-graph */,
				D21BCA72216B3E3A00099859 /* com.hajunho.swift-graphTests */,
				D21BCA7D216B3E3A00099859 /* com.hajunho.swift-graphUITests */,
			);
		};
/* End PBXProject section */

/* Begin PBXResourcesBuildPhase section */
		D21BCA5D216B3E3900099859 /* Resources */ = {
			isa = PBXResourcesBuildPhase;
			buildActionMask = 2147483647;
			files = (
				D2D1FEC6217560A600FD2615 /* GraphExample.storyboard in Resources */,
				D2CC0CC82174804600DE1BB1 /* testdata.plist in Resources */,
				D21BCA6D216B3E3A00099859 /* LaunchScreen.storyboard in Resources */,
				D21BCA6A216B3E3A00099859 /* Assets.xcassets in Resources */,
			);
			runOnlyForDeploymentPostprocessing = 0;
		};
		D21BCA71216B3E3A00099859 /* Resources */ = {
			isa = PBXResourcesBuildPhase;
			buildActionMask = 2147483647;
			files = (
			);
			runOnlyForDeploymentPostprocessing = 0;
		};
		D21BCA7C216B3E3A00099859 /* Resources */ = {
			isa = PBXResourcesBuildPhase;
			buildActionMask = 2147483647;
			files = (
			);
			runOnlyForDeploymentPostprocessing = 0;
		};
/* End PBXResourcesBuildPhase section */

/* Begin PBXShellScriptBuildPhase section */
		55E3C3AE8DD1027BBDA46B98 /* [CP] Check Pods Manifest.lock */ = {
			isa = PBXShellScriptBuildPhase;
			buildActionMask = 2147483647;
			files = (
			);
			inputFileListPaths = (
			);
			inputPaths = (
				"${PODS_PODFILE_DIR_PATH}/Podfile.lock",
				"${PODS_ROOT}/Manifest.lock",
			);
			name = "[CP] Check Pods Manifest.lock";
			outputFileListPaths = (
			);
			outputPaths = (
				"$(DERIVED_FILE_DIR)/Pods-com.hajunho.swift-graphUITests-checkManifestLockResult.txt",
			);
			runOnlyForDeploymentPostprocessing = 0;
			shellPath = /bin/sh;
			shellScript = "diff \"${PODS_PODFILE_DIR_PATH}/Podfile.lock\" \"${PODS_ROOT}/Manifest.lock\" > /dev/null\nif [ $? != 0 ] ; then\n    # print error to STDERR\n    echo \"error: The sandbox is not in sync with the Podfile.lock. Run 'pod install' or update your CocoaPods installation.\" >&2\n    exit 1\nfi\n# This output is used by Xcode 'outputs' to avoid re-running this script phase.\necho \"SUCCESS\" > \"${SCRIPT_OUTPUT_FILE_0}\"\n";
			showEnvVarsInLog = 0;
		};
		5821760B6D34466D17E69F27 /* [CP] Check Pods Manifest.lock */ = {
			isa = PBXShellScriptBuildPhase;
			buildActionMask = 2147483647;
			files = (
			);
			inputFileListPaths = (
			);
			inputPaths = (
				"${PODS_PODFILE_DIR_PATH}/Podfile.lock",
				"${PODS_ROOT}/Manifest.lock",
			);
			name = "[CP] Check Pods Manifest.lock";
			outputFileListPaths = (
			);
			outputPaths = (
				"$(DERIVED_FILE_DIR)/Pods-com.hajunho.swift-graphTests-checkManifestLockResult.txt",
			);
			runOnlyForDeploymentPostprocessing = 0;
			shellPath = /bin/sh;
			shellScript = "diff \"${PODS_PODFILE_DIR_PATH}/Podfile.lock\" \"${PODS_ROOT}/Manifest.lock\" > /dev/null\nif [ $? != 0 ] ; then\n    # print error to STDERR\n    echo \"error: The sandbox is not in sync with the Podfile.lock. Run 'pod install' or update your CocoaPods installation.\" >&2\n    exit 1\nfi\n# This output is used by Xcode 'outputs' to avoid re-running this script phase.\necho \"SUCCESS\" > \"${SCRIPT_OUTPUT_FILE_0}\"\n";
			showEnvVarsInLog = 0;
		};
		9A104837678BA1E287C2950F /* [CP] Check Pods Manifest.lock */ = {
			isa = PBXShellScriptBuildPhase;
			buildActionMask = 2147483647;
			files = (
			);
			inputFileListPaths = (
			);
			inputPaths = (
				"${PODS_PODFILE_DIR_PATH}/Podfile.lock",
				"${PODS_ROOT}/Manifest.lock",
			);
			name = "[CP] Check Pods Manifest.lock";
			outputFileListPaths = (
			);
			outputPaths = (
				"$(DERIVED_FILE_DIR)/Pods-com.hajunho.swift-graph-checkManifestLockResult.txt",
			);
			runOnlyForDeploymentPostprocessing = 0;
			shellPath = /bin/sh;
			shellScript = "diff \"${PODS_PODFILE_DIR_PATH}/Podfile.lock\" \"${PODS_ROOT}/Manifest.lock\" > /dev/null\nif [ $? != 0 ] ; then\n    # print error to STDERR\n    echo \"error: The sandbox is not in sync with the Podfile.lock. Run 'pod install' or update your CocoaPods installation.\" >&2\n    exit 1\nfi\n# This output is used by Xcode 'outputs' to avoid re-running this script phase.\necho \"SUCCESS\" > \"${SCRIPT_OUTPUT_FILE_0}\"\n";
			showEnvVarsInLog = 0;
		};
		E941E7F358852B25BDF8A627 /* [CP] Embed Pods Frameworks */ = {
			isa = PBXShellScriptBuildPhase;
			buildActionMask = 2147483647;
			files = (
			);
			inputFileListPaths = (
			);
			inputPaths = (
				"${SRCROOT}/Pods/Target Support Files/Pods-com.hajunho.swift-graph/Pods-com.hajunho.swift-graph-frameworks.sh",
				"${BUILT_PRODUCTS_DIR}/SnapKit/SnapKit.framework",
			);
			name = "[CP] Embed Pods Frameworks";
			outputFileListPaths = (
			);
			outputPaths = (
				"${TARGET_BUILD_DIR}/${FRAMEWORKS_FOLDER_PATH}/SnapKit.framework",
			);
			runOnlyForDeploymentPostprocessing = 0;
			shellPath = /bin/sh;
			shellScript = "\"${SRCROOT}/Pods/Target Support Files/Pods-com.hajunho.swift-graph/Pods-com.hajunho.swift-graph-frameworks.sh\"\n";
			showEnvVarsInLog = 0;
		};
/* End PBXShellScriptBuildPhase section */

/* Begin PBXSourcesBuildPhase section */
		D21BCA5B216B3E3900099859 /* Sources */ = {
			isa = PBXSourcesBuildPhase;
			buildActionMask = 2147483647;
			files = (
				D2CC0CCA2174849800DE1BB1 /* jhScene.swift in Sources */,
				D2162C132170A7C900514441 /* jhScene_p.swift in Sources */,
				D2CC0CBE21747B4700DE1BB1 /* jhFile.swift in Sources */,
				D2CC0CD22174879B00DE1BB1 /* jhBarGraph.swift in Sources */,
				D2D1FEC8217560C900FD2615 /* ViewController.swift in Sources */,
				D2CC0CBC21747AEC00DE1BB1 /* jhPanel.swift in Sources */,
				D2720903217874260037D092 /* observer_p.swift in Sources */,
				D2720905217874C80037D092 /* jhClientServer.swift in Sources */,
				D2CC0CCC217484CC00DE1BB1 /* jhGuideLine.swift in Sources */,
				D2162C152170AAD200514441 /* jhPanel_p.swift in Sources */,
				D2162C112170A6C100514441 /* Data_p.swift in Sources */,
				D2CC0CD02174877C00DE1BB1 /* jhLineGraph.swift in Sources */,
				D21BCA63216B3E3900099859 /* AppDelegate.swift in Sources */,
				D2162C1C217421DB00514441 /* jhDraw.swift in Sources */,
				D2CC0CCE2174870700DE1BB1 /* jhGraphBuilder.swift in Sources */,
				D2162C1A21741F7500514441 /* GS.swift in Sources */,
			);
			runOnlyForDeploymentPostprocessing = 0;
		};
		D21BCA6F216B3E3A00099859 /* Sources */ = {
			isa = PBXSourcesBuildPhase;
			buildActionMask = 2147483647;
			files = (
				D21BCA78216B3E3A00099859 /* com_hajunho_swift_graphTests.swift in Sources */,
			);
			runOnlyForDeploymentPostprocessing = 0;
		};
		D21BCA7A216B3E3A00099859 /* Sources */ = {
			isa = PBXSourcesBuildPhase;
			buildActionMask = 2147483647;
			files = (
				D21BCA83216B3E3A00099859 /* com_hajunho_swift_graphUITests.swift in Sources */,
			);
			runOnlyForDeploymentPostprocessing = 0;
		};
/* End PBXSourcesBuildPhase section */

/* Begin PBXTargetDependency section */
		D21BCA75216B3E3A00099859 /* PBXTargetDependency */ = {
			isa = PBXTargetDependency;
			target = D21BCA5E216B3E3900099859 /* com.hajunho.swift-graph */;
			targetProxy = D21BCA74216B3E3A00099859 /* PBXContainerItemProxy */;
		};
		D21BCA80216B3E3A00099859 /* PBXTargetDependency */ = {
			isa = PBXTargetDependency;
			target = D21BCA5E216B3E3900099859 /* com.hajunho.swift-graph */;
			targetProxy = D21BCA7F216B3E3A00099859 /* PBXContainerItemProxy */;
		};
/* End PBXTargetDependency section */

/* Begin PBXVariantGroup section */
		D21BCA6B216B3E3A00099859 /* LaunchScreen.storyboard */ = {
			isa = PBXVariantGroup;
			children = (
				D21BCA6C216B3E3A00099859 /* Base */,
			);
			name = LaunchScreen.storyboard;
			sourceTree = "<group>";
		};
/* End PBXVariantGroup section */

/* Begin XCBuildConfiguration section */
		D21BCA85216B3E3A00099859 /* Debug */ = {
			isa = XCBuildConfiguration;
			buildSettings = {
				ALWAYS_SEARCH_USER_PATHS = NO;
				CLANG_ANALYZER_NONNULL = YES;
				CLANG_ANALYZER_NUMBER_OBJECT_CONVERSION = YES_AGGRESSIVE;
				CLANG_CXX_LANGUAGE_STANDARD = "gnu++14";
				CLANG_CXX_LIBRARY = "libc++";
				CLANG_ENABLE_MODULES = YES;
				CLANG_ENABLE_OBJC_ARC = YES;
				CLANG_ENABLE_OBJC_WEAK = YES;
				CLANG_WARN_BLOCK_CAPTURE_AUTORELEASING = YES;
				CLANG_WARN_BOOL_CONVERSION = YES;
				CLANG_WARN_COMMA = YES;
				CLANG_WARN_CONSTANT_CONVERSION = YES;
				CLANG_WARN_DEPRECATED_OBJC_IMPLEMENTATIONS = YES;
				CLANG_WARN_DIRECT_OBJC_ISA_USAGE = YES_ERROR;
				CLANG_WARN_DOCUMENTATION_COMMENTS = YES;
				CLANG_WARN_EMPTY_BODY = YES;
				CLANG_WARN_ENUM_CONVERSION = YES;
				CLANG_WARN_INFINITE_RECURSION = YES;
				CLANG_WARN_INT_CONVERSION = YES;
				CLANG_WARN_NON_LITERAL_NULL_CONVERSION = YES;
				CLANG_WARN_OBJC_IMPLICIT_RETAIN_SELF = YES;
				CLANG_WARN_OBJC_LITERAL_CONVERSION = YES;
				CLANG_WARN_OBJC_ROOT_CLASS = YES_ERROR;
				CLANG_WARN_RANGE_LOOP_ANALYSIS = YES;
				CLANG_WARN_STRICT_PROTOTYPES = YES;
				CLANG_WARN_SUSPICIOUS_MOVE = YES;
				CLANG_WARN_UNGUARDED_AVAILABILITY = YES_AGGRESSIVE;
				CLANG_WARN_UNREACHABLE_CODE = YES;
				CLANG_WARN__DUPLICATE_METHOD_MATCH = YES;
				CODE_SIGN_IDENTITY = "iPhone Developer";
				COPY_PHASE_STRIP = NO;
				DEBUG_INFORMATION_FORMAT = dwarf;
				ENABLE_STRICT_OBJC_MSGSEND = YES;
				ENABLE_TESTABILITY = YES;
				GCC_C_LANGUAGE_STANDARD = gnu11;
				GCC_DYNAMIC_NO_PIC = NO;
				GCC_NO_COMMON_BLOCKS = YES;
				GCC_OPTIMIZATION_LEVEL = 0;
				GCC_PREPROCESSOR_DEFINITIONS = (
					"DEBUG=1",
					"$(inherited)",
				);
				GCC_WARN_64_TO_32_BIT_CONVERSION = YES;
				GCC_WARN_ABOUT_RETURN_TYPE = YES_ERROR;
				GCC_WARN_UNDECLARED_SELECTOR = YES;
				GCC_WARN_UNINITIALIZED_AUTOS = YES_AGGRESSIVE;
				GCC_WARN_UNUSED_FUNCTION = YES;
				GCC_WARN_UNUSED_VARIABLE = YES;
				IPHONEOS_DEPLOYMENT_TARGET = 12.0;
				MTL_ENABLE_DEBUG_INFO = INCLUDE_SOURCE;
				MTL_FAST_MATH = YES;
				ONLY_ACTIVE_ARCH = YES;
				SDKROOT = iphoneos;
				SWIFT_ACTIVE_COMPILATION_CONDITIONS = DEBUG;
				SWIFT_OPTIMIZATION_LEVEL = "-Onone";
			};
			name = Debug;
		};
		D21BCA86216B3E3A00099859 /* Release */ = {
			isa = XCBuildConfiguration;
			buildSettings = {
				ALWAYS_SEARCH_USER_PATHS = NO;
				CLANG_ANALYZER_NONNULL = YES;
				CLANG_ANALYZER_NUMBER_OBJECT_CONVERSION = YES_AGGRESSIVE;
				CLANG_CXX_LANGUAGE_STANDARD = "gnu++14";
				CLANG_CXX_LIBRARY = "libc++";
				CLANG_ENABLE_MODULES = YES;
				CLANG_ENABLE_OBJC_ARC = YES;
				CLANG_ENABLE_OBJC_WEAK = YES;
				CLANG_WARN_BLOCK_CAPTURE_AUTORELEASING = YES;
				CLANG_WARN_BOOL_CONVERSION = YES;
				CLANG_WARN_COMMA = YES;
				CLANG_WARN_CONSTANT_CONVERSION = YES;
				CLANG_WARN_DEPRECATED_OBJC_IMPLEMENTATIONS = YES;
				CLANG_WARN_DIRECT_OBJC_ISA_USAGE = YES_ERROR;
				CLANG_WARN_DOCUMENTATION_COMMENTS = YES;
				CLANG_WARN_EMPTY_BODY = YES;
				CLANG_WARN_ENUM_CONVERSION = YES;
				CLANG_WARN_INFINITE_RECURSION = YES;
				CLANG_WARN_INT_CONVERSION = YES;
				CLANG_WARN_NON_LITERAL_NULL_CONVERSION = YES;
				CLANG_WARN_OBJC_IMPLICIT_RETAIN_SELF = YES;
				CLANG_WARN_OBJC_LITERAL_CONVERSION = YES;
				CLANG_WARN_OBJC_ROOT_CLASS = YES_ERROR;
				CLANG_WARN_RANGE_LOOP_ANALYSIS = YES;
				CLANG_WARN_STRICT_PROTOTYPES = YES;
				CLANG_WARN_SUSPICIOUS_MOVE = YES;
				CLANG_WARN_UNGUARDED_AVAILABILITY = YES_AGGRESSIVE;
				CLANG_WARN_UNREACHABLE_CODE = YES;
				CLANG_WARN__DUPLICATE_METHOD_MATCH = YES;
				CODE_SIGN_IDENTITY = "iPhone Developer";
				COPY_PHASE_STRIP = NO;
				DEBUG_INFORMATION_FORMAT = "dwarf-with-dsym";
				ENABLE_NS_ASSERTIONS = NO;
				ENABLE_STRICT_OBJC_MSGSEND = YES;
				GCC_C_LANGUAGE_STANDARD = gnu11;
				GCC_NO_COMMON_BLOCKS = YES;
				GCC_WARN_64_TO_32_BIT_CONVERSION = YES;
				GCC_WARN_ABOUT_RETURN_TYPE = YES_ERROR;
				GCC_WARN_UNDECLARED_SELECTOR = YES;
				GCC_WARN_UNINITIALIZED_AUTOS = YES_AGGRESSIVE;
				GCC_WARN_UNUSED_FUNCTION = YES;
				GCC_WARN_UNUSED_VARIABLE = YES;
				IPHONEOS_DEPLOYMENT_TARGET = 12.0;
				MTL_ENABLE_DEBUG_INFO = NO;
				MTL_FAST_MATH = YES;
				SDKROOT = iphoneos;
				SWIFT_COMPILATION_MODE = wholemodule;
				SWIFT_OPTIMIZATION_LEVEL = "-O";
				VALIDATE_PRODUCT = YES;
			};
			name = Release;
		};
		D21BCA88216B3E3A00099859 /* Debug */ = {
			isa = XCBuildConfiguration;
			baseConfigurationReference = F82C672D1E1891BF7965863B /* Pods-com.hajunho.swift-graph.debug.xcconfig */;
			buildSettings = {
				ASSETCATALOG_COMPILER_APPICON_NAME = AppIcon;
				CODE_SIGN_STYLE = Automatic;
				DEVELOPMENT_TEAM = W2S74HFS6S;
				INFOPLIST_FILE = "com.hajunho.swift-graph/Info.plist";
				LD_RUNPATH_SEARCH_PATHS = (
					"$(inherited)",
					"@executable_path/Frameworks",
				);
				PRODUCT_BUNDLE_IDENTIFIER = "com.hajunho.com-hajunho-swift-graph";
				PRODUCT_NAME = "$(TARGET_NAME)";
				SWIFT_VERSION = 4.2;
				TARGETED_DEVICE_FAMILY = "1,2";
			};
			name = Debug;
		};
		D21BCA89216B3E3A00099859 /* Release */ = {
			isa = XCBuildConfiguration;
			baseConfigurationReference = 99246F5508F24ECFAA577687 /* Pods-com.hajunho.swift-graph.release.xcconfig */;
			buildSettings = {
				ASSETCATALOG_COMPILER_APPICON_NAME = AppIcon;
				CODE_SIGN_STYLE = Automatic;
				DEVELOPMENT_TEAM = W2S74HFS6S;
				INFOPLIST_FILE = "com.hajunho.swift-graph/Info.plist";
				LD_RUNPATH_SEARCH_PATHS = (
					"$(inherited)",
					"@executable_path/Frameworks",
				);
				PRODUCT_BUNDLE_IDENTIFIER = "com.hajunho.com-hajunho-swift-graph";
				PRODUCT_NAME = "$(TARGET_NAME)";
				SWIFT_VERSION = 4.2;
				TARGETED_DEVICE_FAMILY = "1,2";
			};
			name = Release;
		};
		D21BCA8B216B3E3A00099859 /* Debug */ = {
			isa = XCBuildConfiguration;
			baseConfigurationReference = 9F9EE77AA164FBA321E0340F /* Pods-com.hajunho.swift-graphTests.debug.xcconfig */;
			buildSettings = {
				ALWAYS_EMBED_SWIFT_STANDARD_LIBRARIES = YES;
				BUNDLE_LOADER = "$(TEST_HOST)";
				CODE_SIGN_STYLE = Automatic;
				DEVELOPMENT_TEAM = W2S74HFS6S;
				INFOPLIST_FILE = "com.hajunho.swift-graphTests/Info.plist";
				LD_RUNPATH_SEARCH_PATHS = (
					"$(inherited)",
					"@executable_path/Frameworks",
					"@loader_path/Frameworks",
				);
				PRODUCT_BUNDLE_IDENTIFIER = "com.hajunho.com-hajunho-swift-graphTests";
				PRODUCT_NAME = "$(TARGET_NAME)";
				SWIFT_VERSION = 4.2;
				TARGETED_DEVICE_FAMILY = "1,2";
				TEST_HOST = "$(BUILT_PRODUCTS_DIR)/com.hajunho.swift-graph.app/com.hajunho.swift-graph";
			};
			name = Debug;
		};
		D21BCA8C216B3E3A00099859 /* Release */ = {
			isa = XCBuildConfiguration;
			baseConfigurationReference = 7563CA14015930841D2EC1CB /* Pods-com.hajunho.swift-graphTests.release.xcconfig */;
			buildSettings = {
				ALWAYS_EMBED_SWIFT_STANDARD_LIBRARIES = YES;
				BUNDLE_LOADER = "$(TEST_HOST)";
				CODE_SIGN_STYLE = Automatic;
				DEVELOPMENT_TEAM = W2S74HFS6S;
				INFOPLIST_FILE = "com.hajunho.swift-graphTests/Info.plist";
				LD_RUNPATH_SEARCH_PATHS = (
					"$(inherited)",
					"@executable_path/Frameworks",
					"@loader_path/Frameworks",
				);
				PRODUCT_BUNDLE_IDENTIFIER = "com.hajunho.com-hajunho-swift-graphTests";
				PRODUCT_NAME = "$(TARGET_NAME)";
				SWIFT_VERSION = 4.2;
				TARGETED_DEVICE_FAMILY = "1,2";
				TEST_HOST = "$(BUILT_PRODUCTS_DIR)/com.hajunho.swift-graph.app/com.hajunho.swift-graph";
			};
			name = Release;
		};
		D21BCA8E216B3E3A00099859 /* Debug */ = {
			isa = XCBuildConfiguration;
			baseConfigurationReference = EAA28A77BB94101D11F206D8 /* Pods-com.hajunho.swift-graphUITests.debug.xcconfig */;
			buildSettings = {
				ALWAYS_EMBED_SWIFT_STANDARD_LIBRARIES = YES;
				CODE_SIGN_STYLE = Automatic;
				DEVELOPMENT_TEAM = W2S74HFS6S;
				INFOPLIST_FILE = "com.hajunho.swift-graphUITests/Info.plist";
				LD_RUNPATH_SEARCH_PATHS = (
					"$(inherited)",
					"@executable_path/Frameworks",
					"@loader_path/Frameworks",
				);
				PRODUCT_BUNDLE_IDENTIFIER = "com.hajunho.com-hajunho-swift-graphUITests";
				PRODUCT_NAME = "$(TARGET_NAME)";
				SWIFT_VERSION = 4.2;
				TARGETED_DEVICE_FAMILY = "1,2";
				TEST_TARGET_NAME = "com.hajunho.swift-graph";
			};
			name = Debug;
		};
		D21BCA8F216B3E3A00099859 /* Release */ = {
			isa = XCBuildConfiguration;
			baseConfigurationReference = 426E6B15E35938642CF2C9B0 /* Pods-com.hajunho.swift-graphUITests.release.xcconfig */;
			buildSettings = {
				ALWAYS_EMBED_SWIFT_STANDARD_LIBRARIES = YES;
				CODE_SIGN_STYLE = Automatic;
				DEVELOPMENT_TEAM = W2S74HFS6S;
				INFOPLIST_FILE = "com.hajunho.swift-graphUITests/Info.plist";
				LD_RUNPATH_SEARCH_PATHS = (
					"$(inherited)",
					"@executable_path/Frameworks",
					"@loader_path/Frameworks",
				);
				PRODUCT_BUNDLE_IDENTIFIER = "com.hajunho.com-hajunho-swift-graphUITests";
				PRODUCT_NAME = "$(TARGET_NAME)";
				SWIFT_VERSION = 4.2;
				TARGETED_DEVICE_FAMILY = "1,2";
				TEST_TARGET_NAME = "com.hajunho.swift-graph";
			};
			name = Release;
		};
/* End XCBuildConfiguration section */

/* Begin XCConfigurationList section */
		D21BCA5A216B3E3900099859 /* Build configuration list for PBXProject "com.hajunho.swift-graph" */ = {
			isa = XCConfigurationList;
			buildConfigurations = (
				D21BCA85216B3E3A00099859 /* Debug */,
				D21BCA86216B3E3A00099859 /* Release */,
			);
			defaultConfigurationIsVisible = 0;
			defaultConfigurationName = Release;
		};
		D21BCA87216B3E3A00099859 /* Build configuration list for PBXNativeTarget "com.hajunho.swift-graph" */ = {
			isa = XCConfigurationList;
			buildConfigurations = (
				D21BCA88216B3E3A00099859 /* Debug */,
				D21BCA89216B3E3A00099859 /* Release */,
			);
			defaultConfigurationIsVisible = 0;
			defaultConfigurationName = Release;
		};
		D21BCA8A216B3E3A00099859 /* Build configuration list for PBXNativeTarget "com.hajunho.swift-graphTests" */ = {
			isa = XCConfigurationList;
			buildConfigurations = (
				D21BCA8B216B3E3A00099859 /* Debug */,
				D21BCA8C216B3E3A00099859 /* Release */,
			);
			defaultConfigurationIsVisible = 0;
			defaultConfigurationName = Release;
		};
		D21BCA8D216B3E3A00099859 /* Build configuration list for PBXNativeTarget "com.hajunho.swift-graphUITests" */ = {
			isa = XCConfigurationList;
			buildConfigurations = (
				D21BCA8E216B3E3A00099859 /* Debug */,
				D21BCA8F216B3E3A00099859 /* Release */,
			);
			defaultConfigurationIsVisible = 0;
			defaultConfigurationName = Release;
		};
/* End XCConfigurationList section */
	};
	rootObject = D21BCA57216B3E3900099859 /* Project object */;
}
